// !$*UTF8*$!
{
	archiveVersion = 1;
	classes = {
	};
	objectVersion = 77;
	objects = {

/* Begin PBXBuildFile section */
		13CFE27830C41DA6D59BE3CE /* HotkeyManager.swift in Sources */ = {isa = PBXBuildFile; fileRef = 82A129682D271F7281599EDD /* HotkeyManager.swift */; };
		2EDE8D85BB5698387AA5285F /* RecordingManager.swift in Sources */ = {isa = PBXBuildFile; fileRef = 42D19E72047DD3D6D24FD704 /* RecordingManager.swift */; };
		3FF97CF209BBFBAE45EC512B /* RecordingStore.swift in Sources */ = {isa = PBXBuildFile; fileRef = 01FC8650AD92C9C8CA479384 /* RecordingStore.swift */; };
		443C8195F8B55A54362818EB /* EmberApp.swift in Sources */ = {isa = PBXBuildFile; fileRef = C762767FEBB19B2A0C007F9D /* EmberApp.swift */; };
		4A66AA4B74B35E999C25A0E5 /* StorageMigrator.swift in Sources */ = {isa = PBXBuildFile; fileRef = FEA92C578F4148326BC3B13D /* StorageMigrator.swift */; };
		4F8E5587D43B38F94BEE891B /* PreferencesView.swift in Sources */ = {isa = PBXBuildFile; fileRef = 2A3622C9E48451933046137C /* PreferencesView.swift */; };
		662AA481FB3B883BDE7E904E /* WhisperModelManager.swift in Sources */ = {isa = PBXBuildFile; fileRef = 5A5C75DB08E8DC61CA765C9D /* WhisperModelManager.swift */; };
		6686570173E097557D9CFB15 /* RecordingListView.swift in Sources */ = {isa = PBXBuildFile; fileRef = E53534A518B8903F875F634D /* RecordingListView.swift */; };
		694AF264E087E52F0040D2A4 /* TagEditorView.swift in Sources */ = {isa = PBXBuildFile; fileRef = BC1BB5923F351D51D1D75475 /* TagEditorView.swift */; };
		6A48006FDA82B1E81131F2CF /* Assets.xcassets in Resources */ = {isa = PBXBuildFile; fileRef = 2957CC2D0B069548A041DE63 /* Assets.xcassets */; };
		7CDA626F5DB46E0646378151 /* Recording.swift in Sources */ = {isa = PBXBuildFile; fileRef = A0F11ED099AC09709F1365E8 /* Recording.swift */; };
		9E27713AD35954AC01E435D8 /* BottomStatusBar.swift in Sources */ = {isa = PBXBuildFile; fileRef = FECEEEFDBB2A2F0D005E7C4F /* BottomStatusBar.swift */; };
		A49C3C8561225BDB4A84A544 /* PlaybackState.swift in Sources */ = {isa = PBXBuildFile; fileRef = 7DEB5310A83DEB7AAA7EDA9A /* PlaybackState.swift */; };
		A9938F124FCF05CAF909C58C /* TranscriptView.swift in Sources */ = {isa = PBXBuildFile; fileRef = C02258D3CA05AC7C97E3EDA1 /* TranscriptView.swift */; };
		B1A7279695CEE36F85DDF1D1 /* SidebarView.swift in Sources */ = {isa = PBXBuildFile; fileRef = D33D9A1A56064B109BE47909 /* SidebarView.swift */; };
		B2CEACA0DC94775843D789C3 /* StatusBarController.swift in Sources */ = {isa = PBXBuildFile; fileRef = D9225E5E92C642EB9CAF47C5 /* StatusBarController.swift */; };
		B3F603CC510DB9AA5B351ABA /* AppDelegate.swift in Sources */ = {isa = PBXBuildFile; fileRef = 6276F09D700DE5AE10609E02 /* AppDelegate.swift */; };
		B5009F0B38727D7BFAD86991 /* MainWindowWithStatusBar.swift in Sources */ = {isa = PBXBuildFile; fileRef = 0DCF8274ABF4D7D930287EEE /* MainWindowWithStatusBar.swift */; };
		CE99434D0D5B3F250B6AB43A /* TranscriptionManager.swift in Sources */ = {isa = PBXBuildFile; fileRef = B455267671662D39E6BEF0B2 /* TranscriptionManager.swift */; };
		D6546ECBF137727F0273DBFF /* RecordingPreviewPanel.swift in Sources */ = {isa = PBXBuildFile; fileRef = 24D9796D354EEF713141AC39 /* RecordingPreviewPanel.swift */; };
		E7D4822179226B8100374524 /* DetailView.swift in Sources */ = {isa = PBXBuildFile; fileRef = 478C0B65AEC6C949C340E32D /* DetailView.swift */; };
		EE358CB8FF5D3A2EC2C55C29 /* MainWindowView.swift in Sources */ = {isa = PBXBuildFile; fileRef = 94E6A6E4A75383AE3C5B1DEB /* MainWindowView.swift */; };
		EF52998AD235DAD35189BBBC /* RecordingCoordinator.swift in Sources */ = {isa = PBXBuildFile; fileRef = C525CF3DE5C9D2C1A01CA8CA /* RecordingCoordinator.swift */; };
		FA7B5AF157E49BF0B3CE2AA2 /* WhisperContext.swift in Sources */ = {isa = PBXBuildFile; fileRef = 59E1745E9194B6D7E8D0259B /* WhisperContext.swift */; };
		FC3227DE8055BA79BAC44E9D /* PlayerContainerView.swift in Sources */ = {isa = PBXBuildFile; fileRef = 52AEDBC82E93C57F0AB24F44 /* PlayerContainerView.swift */; };
/* End PBXBuildFile section */

/* Begin PBXFileReference section */
		01FC8650AD92C9C8CA479384 /* RecordingStore.swift */ = {isa = PBXFileReference; lastKnownFileType = sourcecode.swift; path = RecordingStore.swift; sourceTree = "<group>"; };
		0DCF8274ABF4D7D930287EEE /* MainWindowWithStatusBar.swift */ = {isa = PBXFileReference; lastKnownFileType = sourcecode.swift; path = MainWindowWithStatusBar.swift; sourceTree = "<group>"; };
		24D9796D354EEF713141AC39 /* RecordingPreviewPanel.swift */ = {isa = PBXFileReference; lastKnownFileType = sourcecode.swift; path = RecordingPreviewPanel.swift; sourceTree = "<group>"; };
		2957CC2D0B069548A041DE63 /* Assets.xcassets */ = {isa = PBXFileReference; lastKnownFileType = folder.assetcatalog; path = Assets.xcassets; sourceTree = "<group>"; };
		2A3622C9E48451933046137C /* PreferencesView.swift */ = {isa = PBXFileReference; lastKnownFileType = sourcecode.swift; path = PreferencesView.swift; sourceTree = "<group>"; };
		42D19E72047DD3D6D24FD704 /* RecordingManager.swift */ = {isa = PBXFileReference; lastKnownFileType = sourcecode.swift; path = RecordingManager.swift; sourceTree = "<group>"; };
		478C0B65AEC6C949C340E32D /* DetailView.swift */ = {isa = PBXFileReference; lastKnownFileType = sourcecode.swift; path = DetailView.swift; sourceTree = "<group>"; };
		52AEDBC82E93C57F0AB24F44 /* PlayerContainerView.swift */ = {isa = PBXFileReference; lastKnownFileType = sourcecode.swift; path = PlayerContainerView.swift; sourceTree = "<group>"; };
		59E1745E9194B6D7E8D0259B /* WhisperContext.swift */ = {isa = PBXFileReference; lastKnownFileType = sourcecode.swift; path = WhisperContext.swift; sourceTree = "<group>"; };
		5A5C75DB08E8DC61CA765C9D /* WhisperModelManager.swift */ = {isa = PBXFileReference; lastKnownFileType = sourcecode.swift; path = WhisperModelManager.swift; sourceTree = "<group>"; };
		6276F09D700DE5AE10609E02 /* AppDelegate.swift */ = {isa = PBXFileReference; lastKnownFileType = sourcecode.swift; path = AppDelegate.swift; sourceTree = "<group>"; };
		7DEB5310A83DEB7AAA7EDA9A /* PlaybackState.swift */ = {isa = PBXFileReference; lastKnownFileType = sourcecode.swift; path = PlaybackState.swift; sourceTree = "<group>"; };
		82A129682D271F7281599EDD /* HotkeyManager.swift */ = {isa = PBXFileReference; lastKnownFileType = sourcecode.swift; path = HotkeyManager.swift; sourceTree = "<group>"; };
		94E6A6E4A75383AE3C5B1DEB /* MainWindowView.swift */ = {isa = PBXFileReference; lastKnownFileType = sourcecode.swift; path = MainWindowView.swift; sourceTree = "<group>"; };
		A0F11ED099AC09709F1365E8 /* Recording.swift */ = {isa = PBXFileReference; lastKnownFileType = sourcecode.swift; path = Recording.swift; sourceTree = "<group>"; };
		B455267671662D39E6BEF0B2 /* TranscriptionManager.swift */ = {isa = PBXFileReference; lastKnownFileType = sourcecode.swift; path = TranscriptionManager.swift; sourceTree = "<group>"; };
		BC1BB5923F351D51D1D75475 /* TagEditorView.swift */ = {isa = PBXFileReference; lastKnownFileType = sourcecode.swift; path = TagEditorView.swift; sourceTree = "<group>"; };
		C02258D3CA05AC7C97E3EDA1 /* TranscriptView.swift */ = {isa = PBXFileReference; lastKnownFileType = sourcecode.swift; path = TranscriptView.swift; sourceTree = "<group>"; };
		C41AD0D9235E643D865505AB /* Ember-Bridging-Header.h */ = {isa = PBXFileReference; lastKnownFileType = sourcecode.c.h; path = "Ember-Bridging-Header.h"; sourceTree = "<group>"; };
		C525CF3DE5C9D2C1A01CA8CA /* RecordingCoordinator.swift */ = {isa = PBXFileReference; lastKnownFileType = sourcecode.swift; path = RecordingCoordinator.swift; sourceTree = "<group>"; };
		C762767FEBB19B2A0C007F9D /* EmberApp.swift */ = {isa = PBXFileReference; lastKnownFileType = sourcecode.swift; path = EmberApp.swift; sourceTree = "<group>"; };
		D1E129474145FB033E3BBB86 /* Ember.app */ = {isa = PBXFileReference; explicitFileType = wrapper.application; includeInIndex = 0; path = Ember.app; sourceTree = BUILT_PRODUCTS_DIR; };
		D33D9A1A56064B109BE47909 /* SidebarView.swift */ = {isa = PBXFileReference; lastKnownFileType = sourcecode.swift; path = SidebarView.swift; sourceTree = "<group>"; };
		D9225E5E92C642EB9CAF47C5 /* StatusBarController.swift */ = {isa = PBXFileReference; lastKnownFileType = sourcecode.swift; path = StatusBarController.swift; sourceTree = "<group>"; };
		E53534A518B8903F875F634D /* RecordingListView.swift */ = {isa = PBXFileReference; lastKnownFileType = sourcecode.swift; path = RecordingListView.swift; sourceTree = "<group>"; };
		FEA92C578F4148326BC3B13D /* StorageMigrator.swift */ = {isa = PBXFileReference; lastKnownFileType = sourcecode.swift; path = StorageMigrator.swift; sourceTree = "<group>"; };
		FECEEEFDBB2A2F0D005E7C4F /* BottomStatusBar.swift */ = {isa = PBXFileReference; lastKnownFileType = sourcecode.swift; path = BottomStatusBar.swift; sourceTree = "<group>"; };
/* End PBXFileReference section */

/* Begin PBXGroup section */
		0D98CF02900813B523BE2E2F /* Recording */ = {
			isa = PBXGroup;
			children = (
				42D19E72047DD3D6D24FD704 /* RecordingManager.swift */,
				24D9796D354EEF713141AC39 /* RecordingPreviewPanel.swift */,
			);
			path = Recording;
			sourceTree = "<group>";
		};
		1CD9EEFC4AF5B9B8CDFC56E5 /* Store */ = {
			isa = PBXGroup;
			children = (
				A0F11ED099AC09709F1365E8 /* Recording.swift */,
				01FC8650AD92C9C8CA479384 /* RecordingStore.swift */,
				FEA92C578F4148326BC3B13D /* StorageMigrator.swift */,
			);
			path = Store;
			sourceTree = "<group>";
		};
		1E9636298D0EA29E156C27A2 /* Playback */ = {
			isa = PBXGroup;
			children = (
				7DEB5310A83DEB7AAA7EDA9A /* PlaybackState.swift */,
				52AEDBC82E93C57F0AB24F44 /* PlayerContainerView.swift */,
			);
			path = Playback;
			sourceTree = "<group>";
		};
		233CA52765D6C49205F221FF /* Products */ = {
			isa = PBXGroup;
			children = (
				D1E129474145FB033E3BBB86 /* Ember.app */,
			);
			name = Products;
			sourceTree = "<group>";
		};
		545B23EF9E7098C03EAF4161 /* Sources */ = {
			isa = PBXGroup;
			children = (
				62E1C3D020F241AC9D2E88B2 /* Ember */,
			);
			path = Sources;
			sourceTree = "<group>";
		};
		62E1C3D020F241AC9D2E88B2 /* Ember */ = {
			isa = PBXGroup;
			children = (
				6276F09D700DE5AE10609E02 /* AppDelegate.swift */,
				C762767FEBB19B2A0C007F9D /* EmberApp.swift */,
				82A129682D271F7281599EDD /* HotkeyManager.swift */,
				2A3622C9E48451933046137C /* PreferencesView.swift */,
				C525CF3DE5C9D2C1A01CA8CA /* RecordingCoordinator.swift */,
				D9225E5E92C642EB9CAF47C5 /* StatusBarController.swift */,
				ECB05B97EC033D50CE7C5D45 /* Bridging */,
				9B6F20956B7F926847EF36A4 /* MainWindow */,
				1E9636298D0EA29E156C27A2 /* Playback */,
				0D98CF02900813B523BE2E2F /* Recording */,
				1CD9EEFC4AF5B9B8CDFC56E5 /* Store */,
				E8C0CE8B06E79DA32F3F55CD /* Whisper */,
			);
			path = Ember;
			sourceTree = "<group>";
		};
		9B6F20956B7F926847EF36A4 /* MainWindow */ = {
			isa = PBXGroup;
			children = (
				FECEEEFDBB2A2F0D005E7C4F /* BottomStatusBar.swift */,
				478C0B65AEC6C949C340E32D /* DetailView.swift */,
				94E6A6E4A75383AE3C5B1DEB /* MainWindowView.swift */,
				0DCF8274ABF4D7D930287EEE /* MainWindowWithStatusBar.swift */,
				E53534A518B8903F875F634D /* RecordingListView.swift */,
				D33D9A1A56064B109BE47909 /* SidebarView.swift */,
				BC1BB5923F351D51D1D75475 /* TagEditorView.swift */,
				C02258D3CA05AC7C97E3EDA1 /* TranscriptView.swift */,
			);
			path = MainWindow;
			sourceTree = "<group>";
		};
		9D98621E5DDCF522E77BE025 /* Resources */ = {
			isa = PBXGroup;
			children = (
				2957CC2D0B069548A041DE63 /* Assets.xcassets */,
			);
			path = Resources;
			sourceTree = "<group>";
		};
		BBC0B4313EBF53B16DC19257 = {
			isa = PBXGroup;
			children = (
				9D98621E5DDCF522E77BE025 /* Resources */,
				545B23EF9E7098C03EAF4161 /* Sources */,
				233CA52765D6C49205F221FF /* Products */,
			);
			sourceTree = "<group>";
		};
		E8C0CE8B06E79DA32F3F55CD /* Whisper */ = {
			isa = PBXGroup;
			children = (
				B455267671662D39E6BEF0B2 /* TranscriptionManager.swift */,
				59E1745E9194B6D7E8D0259B /* WhisperContext.swift */,
				5A5C75DB08E8DC61CA765C9D /* WhisperModelManager.swift */,
			);
			path = Whisper;
			sourceTree = "<group>";
		};
		ECB05B97EC033D50CE7C5D45 /* Bridging */ = {
			isa = PBXGroup;
			children = (
				C41AD0D9235E643D865505AB /* Ember-Bridging-Header.h */,
			);
			path = Bridging;
			sourceTree = "<group>";
		};
/* End PBXGroup section */

/* Begin PBXNativeTarget section */
		3E853DD93E303CC86CD1FA7F /* Ember */ = {
			isa = PBXNativeTarget;
			buildConfigurationList = B3B776477B6BBC134545AE38 /* Build configuration list for PBXNativeTarget "Ember" */;
			buildPhases = (
				60A89B85028B91AE593FB976 /* Sources */,
				8B6B0FFA7E15F621C34D6356 /* Resources */,
			);
			buildRules = (
			);
			dependencies = (
			);
			name = Ember;
			packageProductDependencies = (
			);
			productName = Ember;
			productReference = D1E129474145FB033E3BBB86 /* Ember.app */;
			productType = "com.apple.product-type.application";
		};
/* End PBXNativeTarget section */

/* Begin PBXProject section */
		60EE479878F0F38411A15B19 /* Project object */ = {
			isa = PBXProject;
			attributes = {
				BuildIndependentTargetsInParallel = YES;
				LastUpgradeCheck = 1600;
				TargetAttributes = {
				};
			};
			buildConfigurationList = 8E26098F6346F3E7D139037F /* Build configuration list for PBXProject "Ember" */;
			developmentRegion = en;
			hasScannedForEncodings = 0;
			knownRegions = (
				Base,
				en,
			);
			mainGroup = BBC0B4313EBF53B16DC19257;
			minimizedProjectReferenceProxies = 1;
			preferredProjectObjectVersion = 77;
			productRefGroup = 233CA52765D6C49205F221FF /* Products */;
			projectDirPath = "";
			projectRoot = "";
			targets = (
				3E853DD93E303CC86CD1FA7F /* Ember */,
			);
		};
/* End PBXProject section */

/* Begin PBXResourcesBuildPhase section */
		8B6B0FFA7E15F621C34D6356 /* Resources */ = {
			isa = PBXResourcesBuildPhase;
			buildActionMask = 2147483647;
			files = (
				6A48006FDA82B1E81131F2CF /* Assets.xcassets in Resources */,
			);
			runOnlyForDeploymentPostprocessing = 0;
		};
/* End PBXResourcesBuildPhase section */

/* Begin PBXSourcesBuildPhase section */
		60A89B85028B91AE593FB976 /* Sources */ = {
			isa = PBXSourcesBuildPhase;
			buildActionMask = 2147483647;
			files = (
				B3F603CC510DB9AA5B351ABA /* AppDelegate.swift in Sources */,
				9E27713AD35954AC01E435D8 /* BottomStatusBar.swift in Sources */,
				E7D4822179226B8100374524 /* DetailView.swift in Sources */,
				443C8195F8B55A54362818EB /* EmberApp.swift in Sources */,
				13CFE27830C41DA6D59BE3CE /* HotkeyManager.swift in Sources */,
				EE358CB8FF5D3A2EC2C55C29 /* MainWindowView.swift in Sources */,
				B5009F0B38727D7BFAD86991 /* MainWindowWithStatusBar.swift in Sources */,
				A49C3C8561225BDB4A84A544 /* PlaybackState.swift in Sources */,
				FC3227DE8055BA79BAC44E9D /* PlayerContainerView.swift in Sources */,
				4F8E5587D43B38F94BEE891B /* PreferencesView.swift in Sources */,
				7CDA626F5DB46E0646378151 /* Recording.swift in Sources */,
				EF52998AD235DAD35189BBBC /* RecordingCoordinator.swift in Sources */,
				6686570173E097557D9CFB15 /* RecordingListView.swift in Sources */,
				2EDE8D85BB5698387AA5285F /* RecordingManager.swift in Sources */,
				D6546ECBF137727F0273DBFF /* RecordingPreviewPanel.swift in Sources */,
				3FF97CF209BBFBAE45EC512B /* RecordingStore.swift in Sources */,
				B1A7279695CEE36F85DDF1D1 /* SidebarView.swift in Sources */,
				B2CEACA0DC94775843D789C3 /* StatusBarController.swift in Sources */,
				4A66AA4B74B35E999C25A0E5 /* StorageMigrator.swift in Sources */,
				694AF264E087E52F0040D2A4 /* TagEditorView.swift in Sources */,
				A9938F124FCF05CAF909C58C /* TranscriptView.swift in Sources */,
				CE99434D0D5B3F250B6AB43A /* TranscriptionManager.swift in Sources */,
				FA7B5AF157E49BF0B3CE2AA2 /* WhisperContext.swift in Sources */,
				662AA481FB3B883BDE7E904E /* WhisperModelManager.swift in Sources */,
			);
			runOnlyForDeploymentPostprocessing = 0;
		};
/* End PBXSourcesBuildPhase section */

/* Begin XCBuildConfiguration section */
		9CC77524DDFFA3800C9DD95D /* Debug */ = {
			isa = XCBuildConfiguration;
			buildSettings = {
				ASSETCATALOG_COMPILER_APPICON_NAME = AppIcon;
				CLANG_CXX_LANGUAGE_STANDARD = "c++17";
				COMBINE_HIDPI_IMAGES = YES;
				CURRENT_PROJECT_VERSION = 1;
				HEADER_SEARCH_PATHS = (
					vendor/whisper.cpp/include,
					vendor/whisper.cpp/ggml/include,
				);
				INFOPLIST_FILE = Resources/Info.plist;
				LD_RUNPATH_SEARCH_PATHS = "@executable_path/../Frameworks";
				LIBRARY_SEARCH_PATHS = (
					"vendor/whisper.cpp/build-macos/src",
					"vendor/whisper.cpp/build-macos/ggml/src",
					"vendor/whisper.cpp/build-macos/ggml/src/ggml-metal",
					"vendor/whisper.cpp/build-macos/ggml/src/ggml-blas",
				);
				MARKETING_VERSION = 1.1.0;
				OTHER_LDFLAGS = (
					"-lc++",
					"-lwhisper",
					"-lggml",
					"-lggml-base",
					"-lggml-cpu",
					"-lggml-metal",
					"-lggml-blas",
					"-framework",
					Accelerate,
					"-framework",
					Metal,
					"-framework",
					MetalKit,
					"-framework",
					Foundation,
					"-framework",
					CoreML,
				);
				PRODUCT_BUNDLE_IDENTIFIER = com.ember.app;
				PRODUCT_NAME = Ember;
				SDKROOT = macosx;
				SWIFT_OBJC_BRIDGING_HEADER = "Sources/Ember/Bridging/Ember-Bridging-Header.h";
				SWIFT_OPTIMIZATION_LEVEL = "-Onone";
			};
			name = Debug;
		};
		A8B77AE3A697627F3CD67328 /* Release */ = {
			isa = XCBuildConfiguration;
			buildSettings = {
				ALWAYS_SEARCH_USER_PATHS = NO;
				CLANG_ANALYZER_NONNULL = YES;
				CLANG_ANALYZER_NUMBER_OBJECT_CONVERSION = YES_AGGRESSIVE;
				CLANG_CXX_LANGUAGE_STANDARD = "gnu++14";
				CLANG_CXX_LIBRARY = "libc++";
				CLANG_ENABLE_MODULES = YES;
				CLANG_ENABLE_OBJC_ARC = YES;
				CLANG_ENABLE_OBJC_WEAK = YES;
				CLANG_WARN_BLOCK_CAPTURE_AUTORELEASING = YES;
				CLANG_WARN_BOOL_CONVERSION = YES;
				CLANG_WARN_COMMA = YES;
				CLANG_WARN_CONSTANT_CONVERSION = YES;
				CLANG_WARN_DEPRECATED_OBJC_IMPLEMENTATIONS = YES;
				CLANG_WARN_DIRECT_OBJC_ISA_USAGE = YES_ERROR;
				CLANG_WARN_DOCUMENTATION_COMMENTS = YES;
				CLANG_WARN_EMPTY_BODY = YES;
				CLANG_WARN_ENUM_CONVERSION = YES;
				CLANG_WARN_INFINITE_RECURSION = YES;
				CLANG_WARN_INT_CONVERSION = YES;
				CLANG_WARN_NON_LITERAL_NULL_CONVERSION = YES;
				CLANG_WARN_OBJC_IMPLICIT_RETAIN_SELF = YES;
				CLANG_WARN_OBJC_LITERAL_CONVERSION = YES;
				CLANG_WARN_OBJC_ROOT_CLASS = YES_ERROR;
				CLANG_WARN_QUOTED_INCLUDE_IN_FRAMEWORK_HEADER = YES;
				CLANG_WARN_RANGE_LOOP_ANALYSIS = YES;
				CLANG_WARN_STRICT_PROTOTYPES = YES;
				CLANG_WARN_SUSPICIOUS_MOVE = YES;
				CLANG_WARN_UNGUARDED_AVAILABILITY = YES_AGGRESSIVE;
				CLANG_WARN_UNREACHABLE_CODE = YES;
				CLANG_WARN__DUPLICATE_METHOD_MATCH = YES;
				COPY_PHASE_STRIP = NO;
				DEBUG_INFORMATION_FORMAT = "dwarf-with-dsym";
				ENABLE_NS_ASSERTIONS = NO;
				ENABLE_STRICT_OBJC_MSGSEND = YES;
				GCC_C_LANGUAGE_STANDARD = gnu11;
				GCC_NO_COMMON_BLOCKS = YES;
				GCC_WARN_64_TO_32_BIT_CONVERSION = YES;
				GCC_WARN_ABOUT_RETURN_TYPE = YES_ERROR;
				GCC_WARN_UNDECLARED_SELECTOR = YES;
				GCC_WARN_UNINITIALIZED_AUTOS = YES_AGGRESSIVE;
				GCC_WARN_UNUSED_FUNCTION = YES;
				GCC_WARN_UNUSED_VARIABLE = YES;
				MACOSX_DEPLOYMENT_TARGET = 14.0;
				MTL_ENABLE_DEBUG_INFO = NO;
				MTL_FAST_MATH = YES;
				PRODUCT_NAME = "$(TARGET_NAME)";
				SDKROOT = macosx;
				SWIFT_COMPILATION_MODE = wholemodule;
				SWIFT_OPTIMIZATION_LEVEL = "-O";
				SWIFT_VERSION = 5.10;
			};
			name = Release;
		};
		E48F6C284003A0B61D23D156 /* Release */ = {
			isa = XCBuildConfiguration;
			buildSettings = {
				ASSETCATALOG_COMPILER_APPICON_NAME = AppIcon;
				CLANG_CXX_LANGUAGE_STANDARD = "c++17";
				COMBINE_HIDPI_IMAGES = YES;
				CURRENT_PROJECT_VERSION = 1;
				HEADER_SEARCH_PATHS = (
					vendor/whisper.cpp/include,
					vendor/whisper.cpp/ggml/include,
				);
				INFOPLIST_FILE = Resources/Info.plist;
				LD_RUNPATH_SEARCH_PATHS = "@executable_path/../Frameworks";
				LIBRARY_SEARCH_PATHS = (
					"vendor/whisper.cpp/build-macos/src",
					"vendor/whisper.cpp/build-macos/ggml/src",
					"vendor/whisper.cpp/build-macos/ggml/src/ggml-metal",
					"vendor/whisper.cpp/build-macos/ggml/src/ggml-blas",
				);
				MARKETING_VERSION = 1.1.0;
				OTHER_LDFLAGS = (
					"-lc++",
					"-lwhisper",
					"-lggml",
					"-lggml-base",
					"-lggml-cpu",
					"-lggml-metal",
					"-lggml-blas",
					"-framework",
					Accelerate,
					"-framework",
					Metal,
					"-framework",
					MetalKit,
					"-framework",
					Foundation,
					"-framework",
					CoreML,
				);
				PRODUCT_BUNDLE_IDENTIFIER = com.ember.app;
				PRODUCT_NAME = Ember;
				SDKROOT = macosx;
				SWIFT_OBJC_BRIDGING_HEADER = "Sources/Ember/Bridging/Ember-Bridging-Header.h";
				SWIFT_OPTIMIZATION_LEVEL = "-O";
			};
			name = Release;
		};
		F1B0335DBC17697999A2175E /* Debug */ = {
			isa = XCBuildConfiguration;
			buildSettings = {
				ALWAYS_SEARCH_USER_PATHS = NO;
				CLANG_ANALYZER_NONNULL = YES;
				CLANG_ANALYZER_NUMBER_OBJECT_CONVERSION = YES_AGGRESSIVE;
				CLANG_CXX_LANGUAGE_STANDARD = "gnu++14";
				CLANG_CXX_LIBRARY = "libc++";
				CLANG_ENABLE_MODULES = YES;
				CLANG_ENABLE_OBJC_ARC = YES;
				CLANG_ENABLE_OBJC_WEAK = YES;
				CLANG_WARN_BLOCK_CAPTURE_AUTORELEASING = YES;
				CLANG_WARN_BOOL_CONVERSION = YES;
				CLANG_WARN_COMMA = YES;
				CLANG_WARN_CONSTANT_CONVERSION = YES;
				CLANG_WARN_DEPRECATED_OBJC_IMPLEMENTATIONS = YES;
				CLANG_WARN_DIRECT_OBJC_ISA_USAGE = YES_ERROR;
				CLANG_WARN_DOCUMENTATION_COMMENTS = YES;
				CLANG_WARN_EMPTY_BODY = YES;
				CLANG_WARN_ENUM_CONVERSION = YES;
				CLANG_WARN_INFINITE_RECURSION = YES;
				CLANG_WARN_INT_CONVERSION = YES;
				CLANG_WARN_NON_LITERAL_NULL_CONVERSION = YES;
				CLANG_WARN_OBJC_IMPLICIT_RETAIN_SELF = YES;
				CLANG_WARN_OBJC_LITERAL_CONVERSION = YES;
				CLANG_WARN_OBJC_ROOT_CLASS = YES_ERROR;
				CLANG_WARN_QUOTED_INCLUDE_IN_FRAMEWORK_HEADER = YES;
				CLANG_WARN_RANGE_LOOP_ANALYSIS = YES;
				CLANG_WARN_STRICT_PROTOTYPES = YES;
				CLANG_WARN_SUSPICIOUS_MOVE = YES;
				CLANG_WARN_UNGUARDED_AVAILABILITY = YES_AGGRESSIVE;
				CLANG_WARN_UNREACHABLE_CODE = YES;
				CLANG_WARN__DUPLICATE_METHOD_MATCH = YES;
				COPY_PHASE_STRIP = NO;
				DEBUG_INFORMATION_FORMAT = dwarf;
				ENABLE_STRICT_OBJC_MSGSEND = YES;
				ENABLE_TESTABILITY = YES;
				GCC_C_LANGUAGE_STANDARD = gnu11;
				GCC_DYNAMIC_NO_PIC = NO;
				GCC_NO_COMMON_BLOCKS = YES;
				GCC_OPTIMIZATION_LEVEL = 0;
				GCC_PREPROCESSOR_DEFINITIONS = (
					"$(inherited)",
					"DEBUG=1",
				);
				GCC_WARN_64_TO_32_BIT_CONVERSION = YES;
				GCC_WARN_ABOUT_RETURN_TYPE = YES_ERROR;
				GCC_WARN_UNDECLARED_SELECTOR = YES;
				GCC_WARN_UNINITIALIZED_AUTOS = YES_AGGRESSIVE;
				GCC_WARN_UNUSED_FUNCTION = YES;
				GCC_WARN_UNUSED_VARIABLE = YES;
				MACOSX_DEPLOYMENT_TARGET = 14.0;
				MTL_ENABLE_DEBUG_INFO = INCLUDE_SOURCE;
				MTL_FAST_MATH = YES;
				ONLY_ACTIVE_ARCH = YES;
				PRODUCT_NAME = "$(TARGET_NAME)";
				SDKROOT = macosx;
				SWIFT_ACTIVE_COMPILATION_CONDITIONS = DEBUG;
				SWIFT_OPTIMIZATION_LEVEL = "-Onone";
				SWIFT_VERSION = 5.10;
			};
			name = Debug;
		};
/* End XCBuildConfiguration section */

/* Begin XCConfigurationList section */
		8E26098F6346F3E7D139037F /* Build configuration list for PBXProject "Ember" */ = {
			isa = XCConfigurationList;
			buildConfigurations = (
				F1B0335DBC17697999A2175E /* Debug */,
				A8B77AE3A697627F3CD67328 /* Release */,
			);
			defaultConfigurationIsVisible = 0;
			defaultConfigurationName = Debug;
		};
		B3B776477B6BBC134545AE38 /* Build configuration list for PBXNativeTarget "Ember" */ = {
			isa = XCConfigurationList;
			buildConfigurations = (
				9CC77524DDFFA3800C9DD95D /* Debug */,
				E48F6C284003A0B61D23D156 /* Release */,
			);
			defaultConfigurationIsVisible = 0;
			defaultConfigurationName = Debug;
		};
/* End XCConfigurationList section */
	};
	rootObject = 60EE479878F0F38411A15B19 /* Project object */;
}
